
Microsoft Visual Studio Solution File, Format Version 12.00
# Visual Studio Version 17
VisualStudioVersion = 17.14.36414.22 d17.14
MinimumVisualStudioVersion = 10.0.40219.1
Project("{FAE04EC0-301F-11D3-BF4B-00C04F79EFBC}") = "WinFormsSpil", "WinFormsSpil\WinFormsSpil.csproj", "{7D3FB372-AFDA-45EC-85D2-632E10FC5C87}"
EndProject
Global
	GlobalSection(SolutionConfigurationPlatforms) = preSolution
		Debug|Any CPU = Debug|Any CPU
		Release|Any CPU = Release|Any CPU
	EndGlobalSection
	GlobalSection(ProjectConfigurationPlatforms) = postSolution
		{7D3FB372-AFDA-45EC-85D2-632E10FC5C87}.Debug|Any CPU.ActiveCfg = Debug|Any CPU
		{7D3FB372-AFDA-45EC-85D2-632E10FC5C87}.Debug|Any CPU.Build.0 = Debug|Any CPU
		{7D3FB372-AFDA-45EC-85D2-632E10FC5C87}.Release|Any CPU.ActiveCfg = Release|Any CPU
		{7D3FB372-AFDA-45EC-85D2-632E10FC5C87}.Release|Any CPU.Build.0 = Release|Any CPU
	EndGlobalSection
	GlobalSection(SolutionProperties) = preSolution
		HideSolutionNode = FALSE
	EndGlobalSection
	GlobalSection(ExtensibilityGlobals) = postSolution
		SolutionGuid = {3E4E8213-0F22-4058-9592-7249FF1F73B8}
	EndGlobalSection
EndGlobal
